// !$*UTF8*$!
{
	archiveVersion = 1;
	classes = {
	};
	objectVersion = 56;
	objects = {

/* Begin PBXBuildFile section */
		D4092E002BA423FF00C42840 /* GoogleService-Info.plist in Resources */ = {isa = PBXBuildFile; fileRef = D4092DFF2BA423FF00C42840 /* GoogleService-Info.plist */; };
		D4092E032BA4255600C42840 /* FirebaseAnalytics in Frameworks */ = {isa = PBXBuildFile; productRef = D4092E022BA4255600C42840 /* FirebaseAnalytics */; };
		D4092E052BA4255600C42840 /* FirebaseAnalyticsOnDeviceConversion in Frameworks */ = {isa = PBXBuildFile; productRef = D4092E042BA4255600C42840 /* FirebaseAnalyticsOnDeviceConversion */; };
		D4092E072BA4255600C42840 /* FirebaseAnalyticsSwift in Frameworks */ = {isa = PBXBuildFile; productRef = D4092E062BA4255600C42840 /* FirebaseAnalyticsSwift */; };
		D4092E092BA4255600C42840 /* FirebaseAnalyticsWithoutAdIdSupport in Frameworks */ = {isa = PBXBuildFile; productRef = D4092E082BA4255600C42840 /* FirebaseAnalyticsWithoutAdIdSupport */; };
		D4092E0B2BA4255600C42840 /* FirebaseAppCheck in Frameworks */ = {isa = PBXBuildFile; productRef = D4092E0A2BA4255600C42840 /* FirebaseAppCheck */; };
		D4092E0D2BA4255600C42840 /* FirebaseAppDistribution-Beta in Frameworks */ = {isa = PBXBuildFile; productRef = D4092E0C2BA4255600C42840 /* FirebaseAppDistribution-Beta */; };
		D4092E0F2BA4255600C42840 /* FirebaseAuth in Frameworks */ = {isa = PBXBuildFile; productRef = D4092E0E2BA4255600C42840 /* FirebaseAuth */; };
		D4092E112BA4255600C42840 /* FirebaseAuthCombine-Community in Frameworks */ = {isa = PBXBuildFile; productRef = D4092E102BA4255600C42840 /* FirebaseAuthCombine-Community */; };
		D4092E132BA4255600C42840 /* FirebaseCrashlytics in Frameworks */ = {isa = PBXBuildFile; productRef = D4092E122BA4255600C42840 /* FirebaseCrashlytics */; };
		D4092E152BA4255600C42840 /* FirebaseDatabase in Frameworks */ = {isa = PBXBuildFile; productRef = D4092E142BA4255600C42840 /* FirebaseDatabase */; };
		D4092E172BA4255600C42840 /* FirebaseDatabaseSwift in Frameworks */ = {isa = PBXBuildFile; productRef = D4092E162BA4255600C42840 /* FirebaseDatabaseSwift */; };
		D4092E192BA4255600C42840 /* FirebaseDynamicLinks in Frameworks */ = {isa = PBXBuildFile; productRef = D4092E182BA4255600C42840 /* FirebaseDynamicLinks */; };
		D4092E1B2BA4255600C42840 /* FirebaseFirestore in Frameworks */ = {isa = PBXBuildFile; productRef = D4092E1A2BA4255600C42840 /* FirebaseFirestore */; };
		D4092E1D2BA4255600C42840 /* FirebaseFirestoreCombine-Community in Frameworks */ = {isa = PBXBuildFile; productRef = D4092E1C2BA4255600C42840 /* FirebaseFirestoreCombine-Community */; };
		D4092E1F2BA4255600C42840 /* FirebaseFirestoreSwift in Frameworks */ = {isa = PBXBuildFile; productRef = D4092E1E2BA4255600C42840 /* FirebaseFirestoreSwift */; };
		D4092E212BA4255600C42840 /* FirebaseFunctions in Frameworks */ = {isa = PBXBuildFile; productRef = D4092E202BA4255600C42840 /* FirebaseFunctions */; };
		D4092E232BA4255600C42840 /* FirebaseFunctionsCombine-Community in Frameworks */ = {isa = PBXBuildFile; productRef = D4092E222BA4255600C42840 /* FirebaseFunctionsCombine-Community */; };
		D4092E252BA4255600C42840 /* FirebaseInAppMessaging-Beta in Frameworks */ = {isa = PBXBuildFile; productRef = D4092E242BA4255600C42840 /* FirebaseInAppMessaging-Beta */; };
		D4092E272BA4255600C42840 /* FirebaseInAppMessagingSwift-Beta in Frameworks */ = {isa = PBXBuildFile; productRef = D4092E262BA4255600C42840 /* FirebaseInAppMessagingSwift-Beta */; };
		D4092E292BA4255600C42840 /* FirebaseInstallations in Frameworks */ = {isa = PBXBuildFile; productRef = D4092E282BA4255600C42840 /* FirebaseInstallations */; };
		D4092E2B2BA4255600C42840 /* FirebaseMLModelDownloader in Frameworks */ = {isa = PBXBuildFile; productRef = D4092E2A2BA4255600C42840 /* FirebaseMLModelDownloader */; };
		D4092E2D2BA4255600C42840 /* FirebaseMessaging in Frameworks */ = {isa = PBXBuildFile; productRef = D4092E2C2BA4255600C42840 /* FirebaseMessaging */; };
		D4092E2F2BA4255600C42840 /* FirebasePerformance in Frameworks */ = {isa = PBXBuildFile; productRef = D4092E2E2BA4255600C42840 /* FirebasePerformance */; };
		D4092E312BA4255600C42840 /* FirebaseRemoteConfig in Frameworks */ = {isa = PBXBuildFile; productRef = D4092E302BA4255600C42840 /* FirebaseRemoteConfig */; };
		D4092E332BA4255600C42840 /* FirebaseRemoteConfigSwift in Frameworks */ = {isa = PBXBuildFile; productRef = D4092E322BA4255600C42840 /* FirebaseRemoteConfigSwift */; };
		D4092E352BA4255600C42840 /* FirebaseStorage in Frameworks */ = {isa = PBXBuildFile; productRef = D4092E342BA4255600C42840 /* FirebaseStorage */; };
		D4092E372BA4255600C42840 /* FirebaseStorageCombine-Community in Frameworks */ = {isa = PBXBuildFile; productRef = D4092E362BA4255600C42840 /* FirebaseStorageCombine-Community */; };
		D4092E392BA5039800C42840 /* AuthView.swift in Sources */ = {isa = PBXBuildFile; fileRef = D4092E382BA5039700C42840 /* AuthView.swift */; };
		D4092E462BA5378400C42840 /* NavigatorView.swift in Sources */ = {isa = PBXBuildFile; fileRef = D4092E452BA5378400C42840 /* NavigatorView.swift */; };
		D4092E482BA5865800C42840 /* User.swift in Sources */ = {isa = PBXBuildFile; fileRef = D4092E472BA5865800C42840 /* User.swift */; };
		D4092E4F2BA9019500C42840 /* Status.swift in Sources */ = {isa = PBXBuildFile; fileRef = D4092E4E2BA9019500C42840 /* Status.swift */; };
		D4092E532BA90DB500C42840 /* StatusProcessView.swift in Sources */ = {isa = PBXBuildFile; fileRef = D4092E522BA90DB500C42840 /* StatusProcessView.swift */; };
		D418F75A2BC1DDD100ACDE99 /* IndividualChatView.swift in Sources */ = {isa = PBXBuildFile; fileRef = D418F7592BC1DDD100ACDE99 /* IndividualChatView.swift */; };
		D418F75C2BC1E19700ACDE99 /* Chat.swift in Sources */ = {isa = PBXBuildFile; fileRef = D418F75B2BC1E19700ACDE99 /* Chat.swift */; };
		D418F75F2BC1EAC000ACDE99 /* Messages.swift in Sources */ = {isa = PBXBuildFile; fileRef = D418F75E2BC1EAC000ACDE99 /* Messages.swift */; };
		D418F7612BC4938300ACDE99 /* Following.swift in Sources */ = {isa = PBXBuildFile; fileRef = D418F7602BC4938300ACDE99 /* Following.swift */; };
		D418F7632BC4954700ACDE99 /* FollowingManager.swift in Sources */ = {isa = PBXBuildFile; fileRef = D418F7622BC4954700ACDE99 /* FollowingManager.swift */; };
		D418F7652BC5D10500ACDE99 /* LoadProfileView.swift in Sources */ = {isa = PBXBuildFile; fileRef = D418F7642BC5D10500ACDE99 /* LoadProfileView.swift */; };
		D430FC102BED66D500914CB8 /* TestView.swift in Sources */ = {isa = PBXBuildFile; fileRef = D430FC0F2BED66D500914CB8 /* TestView.swift */; };
		D430FC122BEEDB3300914CB8 /* ScrollManager.swift in Sources */ = {isa = PBXBuildFile; fileRef = D430FC112BEEDB3300914CB8 /* ScrollManager.swift */; };
		D43B63262C3372D300B3F971 /* ReportProblemView.swift in Sources */ = {isa = PBXBuildFile; fileRef = D43B63252C3372D300B3F971 /* ReportProblemView.swift */; };
		D44358AB2C23974400533F09 /* CropViewController in Frameworks */ = {isa = PBXBuildFile; productRef = D44358AA2C23974400533F09 /* CropViewController */; };
		D44358AD2C23974400533F09 /* TOCropViewController in Frameworks */ = {isa = PBXBuildFile; productRef = D44358AC2C23974400533F09 /* TOCropViewController */; };
		D46878902BF43A7F00AA7A5E /* Likes.swift in Sources */ = {isa = PBXBuildFile; fileRef = D468788F2BF43A7F00AA7A5E /* Likes.swift */; };
		D46B7E092BFBDD65005CA754 /* Constants.swift in Sources */ = {isa = PBXBuildFile; fileRef = D46B7E082BFBDD64005CA754 /* Constants.swift */; };
		D4843F302BC8E967003A20C3 /* LoadProfileView1.swift in Sources */ = {isa = PBXBuildFile; fileRef = D4843F2F2BC8E967003A20C3 /* LoadProfileView1.swift */; };
		D4843F322BC8E97B003A20C3 /* LoadProfileView2.swift in Sources */ = {isa = PBXBuildFile; fileRef = D4843F312BC8E97B003A20C3 /* LoadProfileView2.swift */; };
		D4843F342BC8E987003A20C3 /* LoadProfileView3.swift in Sources */ = {isa = PBXBuildFile; fileRef = D4843F332BC8E987003A20C3 /* LoadProfileView3.swift */; };
		D4843F362BCB0617003A20C3 /* Plan.swift in Sources */ = {isa = PBXBuildFile; fileRef = D4843F352BCB0617003A20C3 /* Plan.swift */; };
		D4843F382BCB0945003A20C3 /* PlanScreenView.swift in Sources */ = {isa = PBXBuildFile; fileRef = D4843F372BCB0945003A20C3 /* PlanScreenView.swift */; };
		D4843F3A2BCB6955003A20C3 /* PlanManager.swift in Sources */ = {isa = PBXBuildFile; fileRef = D4843F392BCB6955003A20C3 /* PlanManager.swift */; };
		D4846F0A2BFFF52C0068D507 /* BackgroundView.swift in Sources */ = {isa = PBXBuildFile; fileRef = D4846F092BFFF52C0068D507 /* BackgroundView.swift */; };
		D49376572BF9383800C2D653 /* CommentView.swift in Sources */ = {isa = PBXBuildFile; fileRef = D49376562BF9383700C2D653 /* CommentView.swift */; };
		D494E4A22BBE91FA00283497 /* SettingView.swift in Sources */ = {isa = PBXBuildFile; fileRef = D494E4A12BBE91FA00283497 /* SettingView.swift */; };
		D49E11222C2B87CA00F6C139 /* PasswordChangeView.swift in Sources */ = {isa = PBXBuildFile; fileRef = D49E11212C2B87CA00F6C139 /* PasswordChangeView.swift */; };
		D4BB30EF2BB25C66009CE546 /* LocationManager.swift in Sources */ = {isa = PBXBuildFile; fileRef = D4BB30EE2BB25C66009CE546 /* LocationManager.swift */; };
		D4C702442BABF38D0091F1B8 /* Location.swift in Sources */ = {isa = PBXBuildFile; fileRef = D4C702432BABF38D0091F1B8 /* Location.swift */; };
		D4E4FABC2B99C19600F5C202 /* FFApp.swift in Sources */ = {isa = PBXBuildFile; fileRef = D4E4FABB2B99C19600F5C202 /* FFApp.swift */; };
		D4E4FABE2B99C19600F5C202 /* ContentView.swift in Sources */ = {isa = PBXBuildFile; fileRef = D4E4FABD2B99C19600F5C202 /* ContentView.swift */; };
		D4E4FAC02B99C19800F5C202 /* Assets.xcassets in Resources */ = {isa = PBXBuildFile; fileRef = D4E4FABF2B99C19800F5C202 /* Assets.xcassets */; };
		D4E4FAC32B99C19800F5C202 /* Preview Assets.xcassets in Resources */ = {isa = PBXBuildFile; fileRef = D4E4FAC22B99C19800F5C202 /* Preview Assets.xcassets */; };
		D4E4FACA2B99C1AD00F5C202 /* LoginView.swift in Sources */ = {isa = PBXBuildFile; fileRef = D4E4FAC92B99C1AD00F5C202 /* LoginView.swift */; };
		D4E4FACC2B9A7BF700F5C202 /* RegisterView.swift in Sources */ = {isa = PBXBuildFile; fileRef = D4E4FACB2B9A7BF700F5C202 /* RegisterView.swift */; };
		D4E4FACE2B9A8A3F00F5C202 /* HomeView.swift in Sources */ = {isa = PBXBuildFile; fileRef = D4E4FACD2B9A8A3F00F5C202 /* HomeView.swift */; };
		D4E4FAD02B9A8E6E00F5C202 /* SearchView.swift in Sources */ = {isa = PBXBuildFile; fileRef = D4E4FACF2B9A8E6E00F5C202 /* SearchView.swift */; };
		D4E4FAD22B9A8E7A00F5C202 /* CheckinView.swift in Sources */ = {isa = PBXBuildFile; fileRef = D4E4FAD12B9A8E7A00F5C202 /* CheckinView.swift */; };
		D4E4FAD42B9A8E8B00F5C202 /* MessageView.swift in Sources */ = {isa = PBXBuildFile; fileRef = D4E4FAD32B9A8E8B00F5C202 /* MessageView.swift */; };
		D4E4FAD62B9A8ECB00F5C202 /* ProfileView.swift in Sources */ = {isa = PBXBuildFile; fileRef = D4E4FAD52B9A8ECB00F5C202 /* ProfileView.swift */; };
		D4E4FAD82B9A9FC200F5C202 /* RegisterView2.swift in Sources */ = {isa = PBXBuildFile; fileRef = D4E4FAD72B9A9FC200F5C202 /* RegisterView2.swift */; };
		D4E4FADA2B9FD47800F5C202 /* ProfileView1.swift in Sources */ = {isa = PBXBuildFile; fileRef = D4E4FAD92B9FD47800F5C202 /* ProfileView1.swift */; };
		D4E4FADC2B9FD8DE00F5C202 /* ProfileView2.swift in Sources */ = {isa = PBXBuildFile; fileRef = D4E4FADB2B9FD8DE00F5C202 /* ProfileView2.swift */; };
		D4E4FADE2B9FD8E900F5C202 /* ProfileView3.swift in Sources */ = {isa = PBXBuildFile; fileRef = D4E4FADD2B9FD8E900F5C202 /* ProfileView3.swift */; };
		D4F141552BD05B9900BE57C3 /* viewPlanView.swift in Sources */ = {isa = PBXBuildFile; fileRef = D4F141542BD05B9900BE57C3 /* viewPlanView.swift */; };
		D4F141592BD8A52C00BE57C3 /* editPlanView.swift in Sources */ = {isa = PBXBuildFile; fileRef = D4F141582BD8A52C00BE57C3 /* editPlanView.swift */; };
		D4F1415B2BDB103D00BE57C3 /* LoadviewPlanView.swift in Sources */ = {isa = PBXBuildFile; fileRef = D4F1415A2BDB103C00BE57C3 /* LoadviewPlanView.swift */; };
		D4F1415D2BDB4AFD00BE57C3 /* MessageManager.swift in Sources */ = {isa = PBXBuildFile; fileRef = D4F1415C2BDB4AFD00BE57C3 /* MessageManager.swift */; };
		D4F1415F2BDC443500BE57C3 /* ComposeMessageView.swift in Sources */ = {isa = PBXBuildFile; fileRef = D4F1415E2BDC443500BE57C3 /* ComposeMessageView.swift */; };
/* End PBXBuildFile section */

/* Begin PBXFileReference section */
		D4092DFF2BA423FF00C42840 /* GoogleService-Info.plist */ = {isa = PBXFileReference; lastKnownFileType = text.plist; path = "GoogleService-Info.plist"; sourceTree = SOURCE_ROOT; };
		D4092E382BA5039700C42840 /* AuthView.swift */ = {isa = PBXFileReference; lastKnownFileType = sourcecode.swift; path = AuthView.swift; sourceTree = "<group>"; };
		D4092E452BA5378400C42840 /* NavigatorView.swift */ = {isa = PBXFileReference; lastKnownFileType = sourcecode.swift; path = NavigatorView.swift; sourceTree = "<group>"; };
		D4092E472BA5865800C42840 /* User.swift */ = {isa = PBXFileReference; lastKnownFileType = sourcecode.swift; path = User.swift; sourceTree = "<group>"; };
		D4092E4E2BA9019500C42840 /* Status.swift */ = {isa = PBXFileReference; lastKnownFileType = sourcecode.swift; path = Status.swift; sourceTree = "<group>"; };
		D4092E522BA90DB500C42840 /* StatusProcessView.swift */ = {isa = PBXFileReference; lastKnownFileType = sourcecode.swift; path = StatusProcessView.swift; sourceTree = "<group>"; };
		D418F7592BC1DDD100ACDE99 /* IndividualChatView.swift */ = {isa = PBXFileReference; lastKnownFileType = sourcecode.swift; path = IndividualChatView.swift; sourceTree = "<group>"; };
		D418F75B2BC1E19700ACDE99 /* Chat.swift */ = {isa = PBXFileReference; lastKnownFileType = sourcecode.swift; path = Chat.swift; sourceTree = "<group>"; };
		D418F75E2BC1EAC000ACDE99 /* Messages.swift */ = {isa = PBXFileReference; lastKnownFileType = sourcecode.swift; path = Messages.swift; sourceTree = "<group>"; };
		D418F7602BC4938300ACDE99 /* Following.swift */ = {isa = PBXFileReference; lastKnownFileType = sourcecode.swift; path = Following.swift; sourceTree = "<group>"; };
		D418F7622BC4954700ACDE99 /* FollowingManager.swift */ = {isa = PBXFileReference; lastKnownFileType = sourcecode.swift; path = FollowingManager.swift; sourceTree = "<group>"; };
		D418F7642BC5D10500ACDE99 /* LoadProfileView.swift */ = {isa = PBXFileReference; lastKnownFileType = sourcecode.swift; path = LoadProfileView.swift; sourceTree = "<group>"; };
		D430FC0F2BED66D500914CB8 /* TestView.swift */ = {isa = PBXFileReference; lastKnownFileType = sourcecode.swift; path = TestView.swift; sourceTree = "<group>"; };
		D430FC112BEEDB3300914CB8 /* ScrollManager.swift */ = {isa = PBXFileReference; lastKnownFileType = sourcecode.swift; path = ScrollManager.swift; sourceTree = "<group>"; };
		D43B63252C3372D300B3F971 /* ReportProblemView.swift */ = {isa = PBXFileReference; lastKnownFileType = sourcecode.swift; path = ReportProblemView.swift; sourceTree = "<group>"; };
		D468788F2BF43A7F00AA7A5E /* Likes.swift */ = {isa = PBXFileReference; lastKnownFileType = sourcecode.swift; path = Likes.swift; sourceTree = "<group>"; };
		D46B7E082BFBDD64005CA754 /* Constants.swift */ = {isa = PBXFileReference; lastKnownFileType = sourcecode.swift; path = Constants.swift; sourceTree = "<group>"; };
		D4843F2F2BC8E967003A20C3 /* LoadProfileView1.swift */ = {isa = PBXFileReference; lastKnownFileType = sourcecode.swift; path = LoadProfileView1.swift; sourceTree = "<group>"; };
		D4843F312BC8E97B003A20C3 /* LoadProfileView2.swift */ = {isa = PBXFileReference; lastKnownFileType = sourcecode.swift; path = LoadProfileView2.swift; sourceTree = "<group>"; };
		D4843F332BC8E987003A20C3 /* LoadProfileView3.swift */ = {isa = PBXFileReference; lastKnownFileType = sourcecode.swift; path = LoadProfileView3.swift; sourceTree = "<group>"; };
		D4843F352BCB0617003A20C3 /* Plan.swift */ = {isa = PBXFileReference; lastKnownFileType = sourcecode.swift; path = Plan.swift; sourceTree = "<group>"; };
		D4843F372BCB0945003A20C3 /* PlanScreenView.swift */ = {isa = PBXFileReference; lastKnownFileType = sourcecode.swift; path = PlanScreenView.swift; sourceTree = "<group>"; };
		D4843F392BCB6955003A20C3 /* PlanManager.swift */ = {isa = PBXFileReference; lastKnownFileType = sourcecode.swift; path = PlanManager.swift; sourceTree = "<group>"; };
		D4846F092BFFF52C0068D507 /* BackgroundView.swift */ = {isa = PBXFileReference; lastKnownFileType = sourcecode.swift; path = BackgroundView.swift; sourceTree = "<group>"; };
		D49376562BF9383700C2D653 /* CommentView.swift */ = {isa = PBXFileReference; lastKnownFileType = sourcecode.swift; path = CommentView.swift; sourceTree = "<group>"; };
		D494E4A12BBE91FA00283497 /* SettingView.swift */ = {isa = PBXFileReference; lastKnownFileType = sourcecode.swift; path = SettingView.swift; sourceTree = "<group>"; };
		D49E11212C2B87CA00F6C139 /* PasswordChangeView.swift */ = {isa = PBXFileReference; lastKnownFileType = sourcecode.swift; path = PasswordChangeView.swift; sourceTree = "<group>"; };
		D4BB30EE2BB25C66009CE546 /* LocationManager.swift */ = {isa = PBXFileReference; lastKnownFileType = sourcecode.swift; path = LocationManager.swift; sourceTree = "<group>"; };
		D4C702432BABF38D0091F1B8 /* Location.swift */ = {isa = PBXFileReference; lastKnownFileType = sourcecode.swift; path = Location.swift; sourceTree = "<group>"; };
		D4E4FAB82B99C19600F5C202 /* FF.app */ = {isa = PBXFileReference; explicitFileType = wrapper.application; includeInIndex = 0; path = FF.app; sourceTree = BUILT_PRODUCTS_DIR; };
		D4E4FABB2B99C19600F5C202 /* FFApp.swift */ = {isa = PBXFileReference; lastKnownFileType = sourcecode.swift; path = FFApp.swift; sourceTree = "<group>"; };
		D4E4FABD2B99C19600F5C202 /* ContentView.swift */ = {isa = PBXFileReference; lastKnownFileType = sourcecode.swift; path = ContentView.swift; sourceTree = "<group>"; };
		D4E4FABF2B99C19800F5C202 /* Assets.xcassets */ = {isa = PBXFileReference; lastKnownFileType = folder.assetcatalog; path = Assets.xcassets; sourceTree = "<group>"; };
		D4E4FAC22B99C19800F5C202 /* Preview Assets.xcassets */ = {isa = PBXFileReference; lastKnownFileType = folder.assetcatalog; path = "Preview Assets.xcassets"; sourceTree = "<group>"; };
		D4E4FAC92B99C1AD00F5C202 /* LoginView.swift */ = {isa = PBXFileReference; lastKnownFileType = sourcecode.swift; path = LoginView.swift; sourceTree = "<group>"; };
		D4E4FACB2B9A7BF700F5C202 /* RegisterView.swift */ = {isa = PBXFileReference; lastKnownFileType = sourcecode.swift; path = RegisterView.swift; sourceTree = "<group>"; };
		D4E4FACD2B9A8A3F00F5C202 /* HomeView.swift */ = {isa = PBXFileReference; lastKnownFileType = sourcecode.swift; path = HomeView.swift; sourceTree = "<group>"; };
		D4E4FACF2B9A8E6E00F5C202 /* SearchView.swift */ = {isa = PBXFileReference; lastKnownFileType = sourcecode.swift; path = SearchView.swift; sourceTree = "<group>"; };
		D4E4FAD12B9A8E7A00F5C202 /* CheckinView.swift */ = {isa = PBXFileReference; lastKnownFileType = sourcecode.swift; path = CheckinView.swift; sourceTree = "<group>"; };
		D4E4FAD32B9A8E8B00F5C202 /* MessageView.swift */ = {isa = PBXFileReference; lastKnownFileType = sourcecode.swift; path = MessageView.swift; sourceTree = "<group>"; };
		D4E4FAD52B9A8ECB00F5C202 /* ProfileView.swift */ = {isa = PBXFileReference; lastKnownFileType = sourcecode.swift; path = ProfileView.swift; sourceTree = "<group>"; };
		D4E4FAD72B9A9FC200F5C202 /* RegisterView2.swift */ = {isa = PBXFileReference; lastKnownFileType = sourcecode.swift; path = RegisterView2.swift; sourceTree = "<group>"; };
		D4E4FAD92B9FD47800F5C202 /* ProfileView1.swift */ = {isa = PBXFileReference; lastKnownFileType = sourcecode.swift; path = ProfileView1.swift; sourceTree = "<group>"; };
		D4E4FADB2B9FD8DE00F5C202 /* ProfileView2.swift */ = {isa = PBXFileReference; lastKnownFileType = sourcecode.swift; path = ProfileView2.swift; sourceTree = "<group>"; };
		D4E4FADD2B9FD8E900F5C202 /* ProfileView3.swift */ = {isa = PBXFileReference; lastKnownFileType = sourcecode.swift; path = ProfileView3.swift; sourceTree = "<group>"; };
		D4F141542BD05B9900BE57C3 /* viewPlanView.swift */ = {isa = PBXFileReference; lastKnownFileType = sourcecode.swift; path = viewPlanView.swift; sourceTree = "<group>"; };
		D4F141582BD8A52C00BE57C3 /* editPlanView.swift */ = {isa = PBXFileReference; lastKnownFileType = sourcecode.swift; path = editPlanView.swift; sourceTree = "<group>"; };
		D4F1415A2BDB103C00BE57C3 /* LoadviewPlanView.swift */ = {isa = PBXFileReference; lastKnownFileType = sourcecode.swift; path = LoadviewPlanView.swift; sourceTree = "<group>"; };
		D4F1415C2BDB4AFD00BE57C3 /* MessageManager.swift */ = {isa = PBXFileReference; lastKnownFileType = sourcecode.swift; path = MessageManager.swift; sourceTree = "<group>"; };
		D4F1415E2BDC443500BE57C3 /* ComposeMessageView.swift */ = {isa = PBXFileReference; lastKnownFileType = sourcecode.swift; path = ComposeMessageView.swift; sourceTree = "<group>"; };
/* End PBXFileReference section */

/* Begin PBXFrameworksBuildPhase section */
		D4E4FAB52B99C19600F5C202 /* Frameworks */ = {
			isa = PBXFrameworksBuildPhase;
			buildActionMask = 2147483647;
			files = (
				D4092E152BA4255600C42840 /* FirebaseDatabase in Frameworks */,
				D4092E232BA4255600C42840 /* FirebaseFunctionsCombine-Community in Frameworks */,
				D4092E1B2BA4255600C42840 /* FirebaseFirestore in Frameworks */,
				D4092E072BA4255600C42840 /* FirebaseAnalyticsSwift in Frameworks */,
				D4092E032BA4255600C42840 /* FirebaseAnalytics in Frameworks */,
				D4092E052BA4255600C42840 /* FirebaseAnalyticsOnDeviceConversion in Frameworks */,
				D4092E2B2BA4255600C42840 /* FirebaseMLModelDownloader in Frameworks */,
				D4092E1F2BA4255600C42840 /* FirebaseFirestoreSwift in Frameworks */,
				D4092E0B2BA4255600C42840 /* FirebaseAppCheck in Frameworks */,
				D4092E092BA4255600C42840 /* FirebaseAnalyticsWithoutAdIdSupport in Frameworks */,
				D4092E0F2BA4255600C42840 /* FirebaseAuth in Frameworks */,
				D4092E132BA4255600C42840 /* FirebaseCrashlytics in Frameworks */,
				D44358AD2C23974400533F09 /* TOCropViewController in Frameworks */,
				D4092E332BA4255600C42840 /* FirebaseRemoteConfigSwift in Frameworks */,
				D44358AB2C23974400533F09 /* CropViewController in Frameworks */,
				D4092E252BA4255600C42840 /* FirebaseInAppMessaging-Beta in Frameworks */,
				D4092E172BA4255600C42840 /* FirebaseDatabaseSwift in Frameworks */,
				D4092E212BA4255600C42840 /* FirebaseFunctions in Frameworks */,
				D4092E372BA4255600C42840 /* FirebaseStorageCombine-Community in Frameworks */,
				D4092E312BA4255600C42840 /* FirebaseRemoteConfig in Frameworks */,
				D4092E0D2BA4255600C42840 /* FirebaseAppDistribution-Beta in Frameworks */,
				D4092E112BA4255600C42840 /* FirebaseAuthCombine-Community in Frameworks */,
				D4092E2F2BA4255600C42840 /* FirebasePerformance in Frameworks */,
				D4092E272BA4255600C42840 /* FirebaseInAppMessagingSwift-Beta in Frameworks */,
				D4092E352BA4255600C42840 /* FirebaseStorage in Frameworks */,
				D4092E192BA4255600C42840 /* FirebaseDynamicLinks in Frameworks */,
				D4092E1D2BA4255600C42840 /* FirebaseFirestoreCombine-Community in Frameworks */,
				D4092E2D2BA4255600C42840 /* FirebaseMessaging in Frameworks */,
				D4092E292BA4255600C42840 /* FirebaseInstallations in Frameworks */,
			);
			runOnlyForDeploymentPostprocessing = 0;
		};
/* End PBXFrameworksBuildPhase section */

/* Begin PBXGroup section */
		D4092E3A2BA510E600C42840 /* App */ = {
			isa = PBXGroup;
			children = (
				D4E4FABB2B99C19600F5C202 /* FFApp.swift */,
			);
			path = App;
			sourceTree = "<group>";
		};
		D4092E3B2BA5110500C42840 /* Components */ = {
			isa = PBXGroup;
			children = (
				D4092E452BA5378400C42840 /* NavigatorView.swift */,
				D4E4FACD2B9A8A3F00F5C202 /* HomeView.swift */,
				D4E4FACF2B9A8E6E00F5C202 /* SearchView.swift */,
				D4E4FAD12B9A8E7A00F5C202 /* CheckinView.swift */,
				D4E4FAD32B9A8E8B00F5C202 /* MessageView.swift */,
				D4846F092BFFF52C0068D507 /* BackgroundView.swift */,
			);
			path = Components;
			sourceTree = "<group>";
		};
		D4092E3C2BA5111A00C42840 /* Core */ = {
			isa = PBXGroup;
			children = (
				D4092E3D2BA5112300C42840 /* Authentication */,
				D4092E412BA5122300C42840 /* Root */,
				D4092E402BA5120D00C42840 /* Profile */,
			);
			path = Core;
			sourceTree = "<group>";
		};
		D4092E3D2BA5112300C42840 /* Authentication */ = {
			isa = PBXGroup;
			children = (
				D4092E3E2BA5112E00C42840 /* View */,
				D4092E3F2BA5115200C42840 /* ViewModel */,
			);
			path = Authentication;
			sourceTree = "<group>";
		};
		D4092E3E2BA5112E00C42840 /* View */ = {
			isa = PBXGroup;
			children = (
				D4E4FAC92B99C1AD00F5C202 /* LoginView.swift */,
				D4E4FACB2B9A7BF700F5C202 /* RegisterView.swift */,
				D4E4FAD72B9A9FC200F5C202 /* RegisterView2.swift */,
				D49E11212C2B87CA00F6C139 /* PasswordChangeView.swift */,
			);
			path = View;
			sourceTree = "<group>";
		};
		D4092E3F2BA5115200C42840 /* ViewModel */ = {
			isa = PBXGroup;
			children = (
				D4092E382BA5039700C42840 /* AuthView.swift */,
				D4092E522BA90DB500C42840 /* StatusProcessView.swift */,
				D4BB30EE2BB25C66009CE546 /* LocationManager.swift */,
				D418F7622BC4954700ACDE99 /* FollowingManager.swift */,
				D4843F392BCB6955003A20C3 /* PlanManager.swift */,
				D4F1415C2BDB4AFD00BE57C3 /* MessageManager.swift */,
				D430FC112BEEDB3300914CB8 /* ScrollManager.swift */,
			);
			path = ViewModel;
			sourceTree = "<group>";
		};
		D4092E402BA5120D00C42840 /* Profile */ = {
			isa = PBXGroup;
			children = (
				D4E4FAD52B9A8ECB00F5C202 /* ProfileView.swift */,
				D4E4FAD92B9FD47800F5C202 /* ProfileView1.swift */,
				D4E4FADB2B9FD8DE00F5C202 /* ProfileView2.swift */,
				D4E4FADD2B9FD8E900F5C202 /* ProfileView3.swift */,
				D494E4A12BBE91FA00283497 /* SettingView.swift */,
				D43B63252C3372D300B3F971 /* ReportProblemView.swift */,
				D418F7642BC5D10500ACDE99 /* LoadProfileView.swift */,
				D4843F2F2BC8E967003A20C3 /* LoadProfileView1.swift */,
				D4843F312BC8E97B003A20C3 /* LoadProfileView2.swift */,
				D4843F332BC8E987003A20C3 /* LoadProfileView3.swift */,
				D4843F372BCB0945003A20C3 /* PlanScreenView.swift */,
				D4F141542BD05B9900BE57C3 /* viewPlanView.swift */,
				D4F141582BD8A52C00BE57C3 /* editPlanView.swift */,
				D4F1415A2BDB103C00BE57C3 /* LoadviewPlanView.swift */,
			);
			path = Profile;
			sourceTree = "<group>";
		};
		D4092E412BA5122300C42840 /* Root */ = {
			isa = PBXGroup;
			children = (
				D4E4FABD2B99C19600F5C202 /* ContentView.swift */,
			);
			path = Root;
			sourceTree = "<group>";
		};
		D4092E422BA512A000C42840 /* Data Model */ = {
			isa = PBXGroup;
			children = (
				D4092E472BA5865800C42840 /* User.swift */,
				D4092E4E2BA9019500C42840 /* Status.swift */,
				D4C702432BABF38D0091F1B8 /* Location.swift */,
				D418F75B2BC1E19700ACDE99 /* Chat.swift */,
				D418F75E2BC1EAC000ACDE99 /* Messages.swift */,
				D418F7602BC4938300ACDE99 /* Following.swift */,
				D4843F352BCB0617003A20C3 /* Plan.swift */,
				D468788F2BF43A7F00AA7A5E /* Likes.swift */,
				D46B7E082BFBDD64005CA754 /* Constants.swift */,
			);
			path = "Data Model";
			sourceTree = "<group>";
		};
		D418F7582BC1DD4400ACDE99 /* Messages */ = {
			isa = PBXGroup;
			children = (
				D418F7592BC1DDD100ACDE99 /* IndividualChatView.swift */,
				D4F1415E2BDC443500BE57C3 /* ComposeMessageView.swift */,
				D49376562BF9383700C2D653 /* CommentView.swift */,
				D430FC0F2BED66D500914CB8 /* TestView.swift */,
			);
			path = Messages;
			sourceTree = "<group>";
		};
		D4E4FAAF2B99C19600F5C202 = {
			isa = PBXGroup;
			children = (
				D4E4FABA2B99C19600F5C202 /* FF */,
				D4E4FAB92B99C19600F5C202 /* Products */,
			);
			sourceTree = "<group>";
		};
		D4E4FAB92B99C19600F5C202 /* Products */ = {
			isa = PBXGroup;
			children = (
				D4E4FAB82B99C19600F5C202 /* FF.app */,
			);
			name = Products;
			sourceTree = "<group>";
		};
		D4E4FABA2B99C19600F5C202 /* FF */ = {
			isa = PBXGroup;
			children = (
				D4092E3A2BA510E600C42840 /* App */,
				D4092E3B2BA5110500C42840 /* Components */,
				D4092E3C2BA5111A00C42840 /* Core */,
				D418F7582BC1DD4400ACDE99 /* Messages */,
				D4092E422BA512A000C42840 /* Data Model */,
				D4E4FABF2B99C19800F5C202 /* Assets.xcassets */,
				D4092DFF2BA423FF00C42840 /* GoogleService-Info.plist */,
				D4E4FAC12B99C19800F5C202 /* Preview Content */,
			);
			path = FF;
			sourceTree = "<group>";
		};
		D4E4FAC12B99C19800F5C202 /* Preview Content */ = {
			isa = PBXGroup;
			children = (
				D4E4FAC22B99C19800F5C202 /* Preview Assets.xcassets */,
			);
			path = "Preview Content";
			sourceTree = "<group>";
		};
/* End PBXGroup section */

/* Begin PBXNativeTarget section */
		D4E4FAB72B99C19600F5C202 /* FF */ = {
			isa = PBXNativeTarget;
			buildConfigurationList = D4E4FAC62B99C19800F5C202 /* Build configuration list for PBXNativeTarget "FF" */;
			buildPhases = (
				D4E4FAB42B99C19600F5C202 /* Sources */,
				D4E4FAB52B99C19600F5C202 /* Frameworks */,
				D4E4FAB62B99C19600F5C202 /* Resources */,
			);
			buildRules = (
			);
			dependencies = (
			);
			name = FF;
			packageProductDependencies = (
				D4092E022BA4255600C42840 /* FirebaseAnalytics */,
				D4092E042BA4255600C42840 /* FirebaseAnalyticsOnDeviceConversion */,
				D4092E062BA4255600C42840 /* FirebaseAnalyticsSwift */,
				D4092E082BA4255600C42840 /* FirebaseAnalyticsWithoutAdIdSupport */,
				D4092E0A2BA4255600C42840 /* FirebaseAppCheck */,
				D4092E0C2BA4255600C42840 /* FirebaseAppDistribution-Beta */,
				D4092E0E2BA4255600C42840 /* FirebaseAuth */,
				D4092E102BA4255600C42840 /* FirebaseAuthCombine-Community */,
				D4092E122BA4255600C42840 /* FirebaseCrashlytics */,
				D4092E142BA4255600C42840 /* FirebaseDatabase */,
				D4092E162BA4255600C42840 /* FirebaseDatabaseSwift */,
				D4092E182BA4255600C42840 /* FirebaseDynamicLinks */,
				D4092E1A2BA4255600C42840 /* FirebaseFirestore */,
				D4092E1C2BA4255600C42840 /* FirebaseFirestoreCombine-Community */,
				D4092E1E2BA4255600C42840 /* FirebaseFirestoreSwift */,
				D4092E202BA4255600C42840 /* FirebaseFunctions */,
				D4092E222BA4255600C42840 /* FirebaseFunctionsCombine-Community */,
				D4092E242BA4255600C42840 /* FirebaseInAppMessaging-Beta */,
				D4092E262BA4255600C42840 /* FirebaseInAppMessagingSwift-Beta */,
				D4092E282BA4255600C42840 /* FirebaseInstallations */,
				D4092E2A2BA4255600C42840 /* FirebaseMLModelDownloader */,
				D4092E2C2BA4255600C42840 /* FirebaseMessaging */,
				D4092E2E2BA4255600C42840 /* FirebasePerformance */,
				D4092E302BA4255600C42840 /* FirebaseRemoteConfig */,
				D4092E322BA4255600C42840 /* FirebaseRemoteConfigSwift */,
				D4092E342BA4255600C42840 /* FirebaseStorage */,
				D4092E362BA4255600C42840 /* FirebaseStorageCombine-Community */,
				D44358AA2C23974400533F09 /* CropViewController */,
				D44358AC2C23974400533F09 /* TOCropViewController */,
			);
			productName = FF;
			productReference = D4E4FAB82B99C19600F5C202 /* FF.app */;
			productType = "com.apple.product-type.application";
		};
/* End PBXNativeTarget section */

/* Begin PBXProject section */
		D4E4FAB02B99C19600F5C202 /* Project object */ = {
			isa = PBXProject;
			attributes = {
				BuildIndependentTargetsInParallel = 1;
				LastSwiftUpdateCheck = 1510;
				LastUpgradeCheck = 1510;
				TargetAttributes = {
					D4E4FAB72B99C19600F5C202 = {
						CreatedOnToolsVersion = 15.1;
					};
				};
			};
			buildConfigurationList = D4E4FAB32B99C19600F5C202 /* Build configuration list for PBXProject "FF" */;
			compatibilityVersion = "Xcode 14.0";
			developmentRegion = en;
			hasScannedForEncodings = 0;
			knownRegions = (
				en,
				Base,
			);
			mainGroup = D4E4FAAF2B99C19600F5C202;
			packageReferences = (
				D4092E012BA4255600C42840 /* XCRemoteSwiftPackageReference "firebase-ios-sdk" */,
				D44358A92C23974400533F09 /* XCRemoteSwiftPackageReference "TOCropViewController" */,
			);
			productRefGroup = D4E4FAB92B99C19600F5C202 /* Products */;
			projectDirPath = "";
			projectRoot = "";
			targets = (
				D4E4FAB72B99C19600F5C202 /* FF */,
			);
		};
/* End PBXProject section */

/* Begin PBXResourcesBuildPhase section */
		D4E4FAB62B99C19600F5C202 /* Resources */ = {
			isa = PBXResourcesBuildPhase;
			buildActionMask = 2147483647;
			files = (
				D4E4FAC32B99C19800F5C202 /* Preview Assets.xcassets in Resources */,
				D4E4FAC02B99C19800F5C202 /* Assets.xcassets in Resources */,
				D4092E002BA423FF00C42840 /* GoogleService-Info.plist in Resources */,
			);
			runOnlyForDeploymentPostprocessing = 0;
		};
/* End PBXResourcesBuildPhase section */

/* Begin PBXSourcesBuildPhase section */
		D4E4FAB42B99C19600F5C202 /* Sources */ = {
			isa = PBXSourcesBuildPhase;
			buildActionMask = 2147483647;
			files = (
				D430FC122BEEDB3300914CB8 /* ScrollManager.swift in Sources */,
				D4092E392BA5039800C42840 /* AuthView.swift in Sources */,
				D4846F0A2BFFF52C0068D507 /* BackgroundView.swift in Sources */,
				D418F75F2BC1EAC000ACDE99 /* Messages.swift in Sources */,
				D4843F302BC8E967003A20C3 /* LoadProfileView1.swift in Sources */,
				D418F7652BC5D10500ACDE99 /* LoadProfileView.swift in Sources */,
				D4E4FAD82B9A9FC200F5C202 /* RegisterView2.swift in Sources */,
				D4F141592BD8A52C00BE57C3 /* editPlanView.swift in Sources */,
				D418F7632BC4954700ACDE99 /* FollowingManager.swift in Sources */,
				D46B7E092BFBDD65005CA754 /* Constants.swift in Sources */,
				D4E4FACA2B99C1AD00F5C202 /* LoginView.swift in Sources */,
				D494E4A22BBE91FA00283497 /* SettingView.swift in Sources */,
				D4092E4F2BA9019500C42840 /* Status.swift in Sources */,
				D4F1415B2BDB103D00BE57C3 /* LoadviewPlanView.swift in Sources */,
				D49376572BF9383800C2D653 /* CommentView.swift in Sources */,
				D4E4FAD62B9A8ECB00F5C202 /* ProfileView.swift in Sources */,
				D4092E482BA5865800C42840 /* User.swift in Sources */,
				D4E4FACC2B9A7BF700F5C202 /* RegisterView.swift in Sources */,
				D43B63262C3372D300B3F971 /* ReportProblemView.swift in Sources */,
				D4E4FADA2B9FD47800F5C202 /* ProfileView1.swift in Sources */,
				D4E4FABE2B99C19600F5C202 /* ContentView.swift in Sources */,
				D4E4FACE2B9A8A3F00F5C202 /* HomeView.swift in Sources */,
				D4F1415F2BDC443500BE57C3 /* ComposeMessageView.swift in Sources */,
				D4E4FADC2B9FD8DE00F5C202 /* ProfileView2.swift in Sources */,
				D4E4FAD42B9A8E8B00F5C202 /* MessageView.swift in Sources */,
				D4843F362BCB0617003A20C3 /* Plan.swift in Sources */,
				D418F75C2BC1E19700ACDE99 /* Chat.swift in Sources */,
				D49E11222C2B87CA00F6C139 /* PasswordChangeView.swift in Sources */,
				D4BB30EF2BB25C66009CE546 /* LocationManager.swift in Sources */,
				D4092E532BA90DB500C42840 /* StatusProcessView.swift in Sources */,
				D430FC102BED66D500914CB8 /* TestView.swift in Sources */,
				D4843F382BCB0945003A20C3 /* PlanScreenView.swift in Sources */,
				D4843F3A2BCB6955003A20C3 /* PlanManager.swift in Sources */,
				D418F7612BC4938300ACDE99 /* Following.swift in Sources */,
				D4E4FADE2B9FD8E900F5C202 /* ProfileView3.swift in Sources */,
				D4C702442BABF38D0091F1B8 /* Location.swift in Sources */,
				D4092E462BA5378400C42840 /* NavigatorView.swift in Sources */,
				D4E4FAD02B9A8E6E00F5C202 /* SearchView.swift in Sources */,
				D4F141552BD05B9900BE57C3 /* viewPlanView.swift in Sources */,
				D4843F322BC8E97B003A20C3 /* LoadProfileView2.swift in Sources */,
				D4843F342BC8E987003A20C3 /* LoadProfileView3.swift in Sources */,
				D4F1415D2BDB4AFD00BE57C3 /* MessageManager.swift in Sources */,
				D418F75A2BC1DDD100ACDE99 /* IndividualChatView.swift in Sources */,
				D4E4FABC2B99C19600F5C202 /* FFApp.swift in Sources */,
				D46878902BF43A7F00AA7A5E /* Likes.swift in Sources */,
				D4E4FAD22B9A8E7A00F5C202 /* CheckinView.swift in Sources */,
			);
			runOnlyForDeploymentPostprocessing = 0;
		};
/* End PBXSourcesBuildPhase section */

/* Begin XCBuildConfiguration section */
		D4E4FAC42B99C19800F5C202 /* Debug */ = {
			isa = XCBuildConfiguration;
			buildSettings = {
				ALWAYS_SEARCH_USER_PATHS = NO;
				ASSETCATALOG_COMPILER_GENERATE_SWIFT_ASSET_SYMBOL_EXTENSIONS = YES;
				CLANG_ANALYZER_NONNULL = YES;
				CLANG_ANALYZER_NUMBER_OBJECT_CONVERSION = YES_AGGRESSIVE;
				CLANG_CXX_LANGUAGE_STANDARD = "gnu++20";
				CLANG_ENABLE_MODULES = YES;
				CLANG_ENABLE_OBJC_ARC = YES;
				CLANG_ENABLE_OBJC_WEAK = YES;
				CLANG_WARN_BLOCK_CAPTURE_AUTORELEASING = YES;
				CLANG_WARN_BOOL_CONVERSION = YES;
				CLANG_WARN_COMMA = YES;
				CLANG_WARN_CONSTANT_CONVERSION = YES;
				CLANG_WARN_DEPRECATED_OBJC_IMPLEMENTATIONS = YES;
				CLANG_WARN_DIRECT_OBJC_ISA_USAGE = YES_ERROR;
				CLANG_WARN_DOCUMENTATION_COMMENTS = YES;
				CLANG_WARN_EMPTY_BODY = YES;
				CLANG_WARN_ENUM_CONVERSION = YES;
				CLANG_WARN_INFINITE_RECURSION = YES;
				CLANG_WARN_INT_CONVERSION = YES;
				CLANG_WARN_NON_LITERAL_NULL_CONVERSION = YES;
				CLANG_WARN_OBJC_IMPLICIT_RETAIN_SELF = YES;
				CLANG_WARN_OBJC_LITERAL_CONVERSION = YES;
				CLANG_WARN_OBJC_ROOT_CLASS = YES_ERROR;
				CLANG_WARN_QUOTED_INCLUDE_IN_FRAMEWORK_HEADER = YES;
				CLANG_WARN_RANGE_LOOP_ANALYSIS = YES;
				CLANG_WARN_STRICT_PROTOTYPES = YES;
				CLANG_WARN_SUSPICIOUS_MOVE = YES;
				CLANG_WARN_UNGUARDED_AVAILABILITY = YES_AGGRESSIVE;
				CLANG_WARN_UNREACHABLE_CODE = YES;
				CLANG_WARN__DUPLICATE_METHOD_MATCH = YES;
				COPY_PHASE_STRIP = NO;
				DEBUG_INFORMATION_FORMAT = dwarf;
				ENABLE_STRICT_OBJC_MSGSEND = YES;
				ENABLE_TESTABILITY = YES;
				ENABLE_USER_SCRIPT_SANDBOXING = YES;
				GCC_C_LANGUAGE_STANDARD = gnu17;
				GCC_DYNAMIC_NO_PIC = NO;
				GCC_NO_COMMON_BLOCKS = YES;
				GCC_OPTIMIZATION_LEVEL = 0;
				GCC_PREPROCESSOR_DEFINITIONS = (
					"DEBUG=1",
					"$(inherited)",
				);
				GCC_WARN_64_TO_32_BIT_CONVERSION = YES;
				GCC_WARN_ABOUT_RETURN_TYPE = YES_ERROR;
				GCC_WARN_UNDECLARED_SELECTOR = YES;
				GCC_WARN_UNINITIALIZED_AUTOS = YES_AGGRESSIVE;
				GCC_WARN_UNUSED_FUNCTION = YES;
				GCC_WARN_UNUSED_VARIABLE = YES;
				IPHONEOS_DEPLOYMENT_TARGET = 17.2;
				LOCALIZATION_PREFERS_STRING_CATALOGS = YES;
				MTL_ENABLE_DEBUG_INFO = INCLUDE_SOURCE;
				MTL_FAST_MATH = YES;
				ONLY_ACTIVE_ARCH = YES;
				SDKROOT = iphoneos;
				SWIFT_ACTIVE_COMPILATION_CONDITIONS = "DEBUG $(inherited)";
				SWIFT_OPTIMIZATION_LEVEL = "-Onone";
			};
			name = Debug;
		};
		D4E4FAC52B99C19800F5C202 /* Release */ = {
			isa = XCBuildConfiguration;
			buildSettings = {
				ALWAYS_SEARCH_USER_PATHS = NO;
				ASSETCATALOG_COMPILER_GENERATE_SWIFT_ASSET_SYMBOL_EXTENSIONS = YES;
				CLANG_ANALYZER_NONNULL = YES;
				CLANG_ANALYZER_NUMBER_OBJECT_CONVERSION = YES_AGGRESSIVE;
				CLANG_CXX_LANGUAGE_STANDARD = "gnu++20";
				CLANG_ENABLE_MODULES = YES;
				CLANG_ENABLE_OBJC_ARC = YES;
				CLANG_ENABLE_OBJC_WEAK = YES;
				CLANG_WARN_BLOCK_CAPTURE_AUTORELEASING = YES;
				CLANG_WARN_BOOL_CONVERSION = YES;
				CLANG_WARN_COMMA = YES;
				CLANG_WARN_CONSTANT_CONVERSION = YES;
				CLANG_WARN_DEPRECATED_OBJC_IMPLEMENTATIONS = YES;
				CLANG_WARN_DIRECT_OBJC_ISA_USAGE = YES_ERROR;
				CLANG_WARN_DOCUMENTATION_COMMENTS = YES;
				CLANG_WARN_EMPTY_BODY = YES;
				CLANG_WARN_ENUM_CONVERSION = YES;
				CLANG_WARN_INFINITE_RECURSION = YES;
				CLANG_WARN_INT_CONVERSION = YES;
				CLANG_WARN_NON_LITERAL_NULL_CONVERSION = YES;
				CLANG_WARN_OBJC_IMPLICIT_RETAIN_SELF = YES;
				CLANG_WARN_OBJC_LITERAL_CONVERSION = YES;
				CLANG_WARN_OBJC_ROOT_CLASS = YES_ERROR;
				CLANG_WARN_QUOTED_INCLUDE_IN_FRAMEWORK_HEADER = YES;
				CLANG_WARN_RANGE_LOOP_ANALYSIS = YES;
				CLANG_WARN_STRICT_PROTOTYPES = YES;
				CLANG_WARN_SUSPICIOUS_MOVE = YES;
				CLANG_WARN_UNGUARDED_AVAILABILITY = YES_AGGRESSIVE;
				CLANG_WARN_UNREACHABLE_CODE = YES;
				CLANG_WARN__DUPLICATE_METHOD_MATCH = YES;
				COPY_PHASE_STRIP = NO;
				DEBUG_INFORMATION_FORMAT = "dwarf-with-dsym";
				ENABLE_NS_ASSERTIONS = NO;
				ENABLE_STRICT_OBJC_MSGSEND = YES;
				ENABLE_USER_SCRIPT_SANDBOXING = YES;
				GCC_C_LANGUAGE_STANDARD = gnu17;
				GCC_NO_COMMON_BLOCKS = YES;
				GCC_WARN_64_TO_32_BIT_CONVERSION = YES;
				GCC_WARN_ABOUT_RETURN_TYPE = YES_ERROR;
				GCC_WARN_UNDECLARED_SELECTOR = YES;
				GCC_WARN_UNINITIALIZED_AUTOS = YES_AGGRESSIVE;
				GCC_WARN_UNUSED_FUNCTION = YES;
				GCC_WARN_UNUSED_VARIABLE = YES;
				IPHONEOS_DEPLOYMENT_TARGET = 17.2;
				LOCALIZATION_PREFERS_STRING_CATALOGS = YES;
				MTL_ENABLE_DEBUG_INFO = NO;
				MTL_FAST_MATH = YES;
				SDKROOT = iphoneos;
				SWIFT_COMPILATION_MODE = wholemodule;
				VALIDATE_PRODUCT = YES;
			};
			name = Release;
		};
		D4E4FAC72B99C19800F5C202 /* Debug */ = {
			isa = XCBuildConfiguration;
			buildSettings = {
				ASSETCATALOG_COMPILER_APPICON_NAME = AppIcon;
				ASSETCATALOG_COMPILER_GLOBAL_ACCENT_COLOR_NAME = AccentColor;
				CODE_SIGN_STYLE = Automatic;
				CURRENT_PROJECT_VERSION = 1;
				DEVELOPMENT_ASSET_PATHS = "\"FF/Preview Content\"";
				DEVELOPMENT_TEAM = HSP2G6HZTH;
				ENABLE_PREVIEWS = YES;
				GENERATE_INFOPLIST_FILE = YES;
				INFOPLIST_KEY_NSLocationWhenInUseUsageDescription = "Location services is needed to look for gyms in your location! :)";
				INFOPLIST_KEY_UIApplicationSceneManifest_Generation = YES;
				INFOPLIST_KEY_UIApplicationSupportsIndirectInputEvents = YES;
				INFOPLIST_KEY_UILaunchScreen_Generation = YES;
				INFOPLIST_KEY_UISupportedInterfaceOrientations_iPad = "UIInterfaceOrientationPortrait UIInterfaceOrientationPortraitUpsideDown UIInterfaceOrientationLandscapeLeft UIInterfaceOrientationLandscapeRight";
				INFOPLIST_KEY_UISupportedInterfaceOrientations_iPhone = "UIInterfaceOrientationPortrait UIInterfaceOrientationLandscapeLeft UIInterfaceOrientationLandscapeRight";
				IPHONEOS_DEPLOYMENT_TARGET = 17.0;
				LD_RUNPATH_SEARCH_PATHS = (
					"$(inherited)",
					"@executable_path/Frameworks",
				);
				MARKETING_VERSION = 1.0;
				PRODUCT_BUNDLE_IDENTIFIER = Test.FF11YJ;
				PRODUCT_NAME = "$(TARGET_NAME)";
				SWIFT_EMIT_LOC_STRINGS = YES;
				SWIFT_VERSION = 5.0;
				TARGETED_DEVICE_FAMILY = "1,2";
			};
			name = Debug;
		};
		D4E4FAC82B99C19800F5C202 /* Release */ = {
			isa = XCBuildConfiguration;
			buildSettings = {
				ASSETCATALOG_COMPILER_APPICON_NAME = AppIcon;
				ASSETCATALOG_COMPILER_GLOBAL_ACCENT_COLOR_NAME = AccentColor;
				CODE_SIGN_STYLE = Automatic;
				CURRENT_PROJECT_VERSION = 1;
				DEVELOPMENT_ASSET_PATHS = "\"FF/Preview Content\"";
				DEVELOPMENT_TEAM = HSP2G6HZTH;
				ENABLE_PREVIEWS = YES;
				GENERATE_INFOPLIST_FILE = YES;
				INFOPLIST_KEY_NSLocationWhenInUseUsageDescription = "Location services is needed to look for gyms in your location! :)";
				INFOPLIST_KEY_UIApplicationSceneManifest_Generation = YES;
				INFOPLIST_KEY_UIApplicationSupportsIndirectInputEvents = YES;
				INFOPLIST_KEY_UILaunchScreen_Generation = YES;
				INFOPLIST_KEY_UISupportedInterfaceOrientations_iPad = "UIInterfaceOrientationPortrait UIInterfaceOrientationPortraitUpsideDown UIInterfaceOrientationLandscapeLeft UIInterfaceOrientationLandscapeRight";
				INFOPLIST_KEY_UISupportedInterfaceOrientations_iPhone = "UIInterfaceOrientationPortrait UIInterfaceOrientationLandscapeLeft UIInterfaceOrientationLandscapeRight";
				IPHONEOS_DEPLOYMENT_TARGET = 17.0;
				LD_RUNPATH_SEARCH_PATHS = (
					"$(inherited)",
					"@executable_path/Frameworks",
				);
				MARKETING_VERSION = 1.0;
				PRODUCT_BUNDLE_IDENTIFIER = Test.FF11YJ;
				PRODUCT_NAME = "$(TARGET_NAME)";
				SWIFT_EMIT_LOC_STRINGS = YES;
				SWIFT_VERSION = 5.0;
				TARGETED_DEVICE_FAMILY = "1,2";
			};
			name = Release;
		};
/* End XCBuildConfiguration section */

/* Begin XCConfigurationList section */
		D4E4FAB32B99C19600F5C202 /* Build configuration list for PBXProject "FF" */ = {
			isa = XCConfigurationList;
			buildConfigurations = (
				D4E4FAC42B99C19800F5C202 /* Debug */,
				D4E4FAC52B99C19800F5C202 /* Release */,
			);
			defaultConfigurationIsVisible = 0;
			defaultConfigurationName = Release;
		};
		D4E4FAC62B99C19800F5C202 /* Build configuration list for PBXNativeTarget "FF" */ = {
			isa = XCConfigurationList;
			buildConfigurations = (
				D4E4FAC72B99C19800F5C202 /* Debug */,
				D4E4FAC82B99C19800F5C202 /* Release */,
			);
			defaultConfigurationIsVisible = 0;
			defaultConfigurationName = Release;
		};
/* End XCConfigurationList section */

/* Begin XCRemoteSwiftPackageReference section */
		D4092E012BA4255600C42840 /* XCRemoteSwiftPackageReference "firebase-ios-sdk" */ = {
			isa = XCRemoteSwiftPackageReference;
			repositoryURL = "https://github.com/firebase/firebase-ios-sdk";
			requirement = {
				kind = upToNextMajorVersion;
				minimumVersion = 10.22.1;
			};
		};
		D44358A92C23974400533F09 /* XCRemoteSwiftPackageReference "TOCropViewController" */ = {
			isa = XCRemoteSwiftPackageReference;
			repositoryURL = "https://github.com/TimOliver/TOCropViewController";
			requirement = {
				kind = upToNextMajorVersion;
				minimumVersion = 2.7.4;
			};
		};
/* End XCRemoteSwiftPackageReference section */

/* Begin XCSwiftPackageProductDependency section */
		D4092E022BA4255600C42840 /* FirebaseAnalytics */ = {
			isa = XCSwiftPackageProductDependency;
			package = D4092E012BA4255600C42840 /* XCRemoteSwiftPackageReference "firebase-ios-sdk" */;
			productName = FirebaseAnalytics;
		};
		D4092E042BA4255600C42840 /* FirebaseAnalyticsOnDeviceConversion */ = {
			isa = XCSwiftPackageProductDependency;
			package = D4092E012BA4255600C42840 /* XCRemoteSwiftPackageReference "firebase-ios-sdk" */;
			productName = FirebaseAnalyticsOnDeviceConversion;
		};
		D4092E062BA4255600C42840 /* FirebaseAnalyticsSwift */ = {
			isa = XCSwiftPackageProductDependency;
			package = D4092E012BA4255600C42840 /* XCRemoteSwiftPackageReference "firebase-ios-sdk" */;
			productName = FirebaseAnalyticsSwift;
		};
		D4092E082BA4255600C42840 /* FirebaseAnalyticsWithoutAdIdSupport */ = {
			isa = XCSwiftPackageProductDependency;
			package = D4092E012BA4255600C42840 /* XCRemoteSwiftPackageReference "firebase-ios-sdk" */;
			productName = FirebaseAnalyticsWithoutAdIdSupport;
		};
		D4092E0A2BA4255600C42840 /* FirebaseAppCheck */ = {
			isa = XCSwiftPackageProductDependency;
			package = D4092E012BA4255600C42840 /* XCRemoteSwiftPackageReference "firebase-ios-sdk" */;
			productName = FirebaseAppCheck;
		};
		D4092E0C2BA4255600C42840 /* FirebaseAppDistribution-Beta */ = {
			isa = XCSwiftPackageProductDependency;
			package = D4092E012BA4255600C42840 /* XCRemoteSwiftPackageReference "firebase-ios-sdk" */;
			productName = "FirebaseAppDistribution-Beta";
		};
		D4092E0E2BA4255600C42840 /* FirebaseAuth */ = {
			isa = XCSwiftPackageProductDependency;
			package = D4092E012BA4255600C42840 /* XCRemoteSwiftPackageReference "firebase-ios-sdk" */;
			productName = FirebaseAuth;
		};
		D4092E102BA4255600C42840 /* FirebaseAuthCombine-Community */ = {
			isa = XCSwiftPackageProductDependency;
			package = D4092E012BA4255600C42840 /* XCRemoteSwiftPackageReference "firebase-ios-sdk" */;
			productName = "FirebaseAuthCombine-Community";
		};
		D4092E122BA4255600C42840 /* FirebaseCrashlytics */ = {
			isa = XCSwiftPackageProductDependency;
			package = D4092E012BA4255600C42840 /* XCRemoteSwiftPackageReference "firebase-ios-sdk" */;
			productName = FirebaseCrashlytics;
		};
		D4092E142BA4255600C42840 /* FirebaseDatabase */ = {
			isa = XCSwiftPackageProductDependency;
			package = D4092E012BA4255600C42840 /* XCRemoteSwiftPackageReference "firebase-ios-sdk" */;
			productName = FirebaseDatabase;
		};
		D4092E162BA4255600C42840 /* FirebaseDatabaseSwift */ = {
			isa = XCSwiftPackageProductDependency;
			package = D4092E012BA4255600C42840 /* XCRemoteSwiftPackageReference "firebase-ios-sdk" */;
			productName = FirebaseDatabaseSwift;
		};
		D4092E182BA4255600C42840 /* FirebaseDynamicLinks */ = {
			isa = XCSwiftPackageProductDependency;
			package = D4092E012BA4255600C42840 /* XCRemoteSwiftPackageReference "firebase-ios-sdk" */;
			productName = FirebaseDynamicLinks;
		};
		D4092E1A2BA4255600C42840 /* FirebaseFirestore */ = {
			isa = XCSwiftPackageProductDependency;
			package = D4092E012BA4255600C42840 /* XCRemoteSwiftPackageReference "firebase-ios-sdk" */;
			productName = FirebaseFirestore;
		};
		D4092E1C2BA4255600C42840 /* FirebaseFirestoreCombine-Community */ = {
			isa = XCSwiftPackageProductDependency;
			package = D4092E012BA4255600C42840 /* XCRemoteSwiftPackageReference "firebase-ios-sdk" */;
			productName = "FirebaseFirestoreCombine-Community";
		};
		D4092E1E2BA4255600C42840 /* FirebaseFirestoreSwift */ = {
			isa = XCSwiftPackageProductDependency;
			package = D4092E012BA4255600C42840 /* XCRemoteSwiftPackageReference "firebase-ios-sdk" */;
			productName = FirebaseFirestoreSwift;
		};
		D4092E202BA4255600C42840 /* FirebaseFunctions */ = {
			isa = XCSwiftPackageProductDependency;
			package = D4092E012BA4255600C42840 /* XCRemoteSwiftPackageReference "firebase-ios-sdk" */;
			productName = FirebaseFunctions;
		};
		D4092E222BA4255600C42840 /* FirebaseFunctionsCombine-Community */ = {
			isa = XCSwiftPackageProductDependency;
			package = D4092E012BA4255600C42840 /* XCRemoteSwiftPackageReference "firebase-ios-sdk" */;
			productName = "FirebaseFunctionsCombine-Community";
		};
		D4092E242BA4255600C42840 /* FirebaseInAppMessaging-Beta */ = {
			isa = XCSwiftPackageProductDependency;
			package = D4092E012BA4255600C42840 /* XCRemoteSwiftPackageReference "firebase-ios-sdk" */;
			productName = "FirebaseInAppMessaging-Beta";
		};
		D4092E262BA4255600C42840 /* FirebaseInAppMessagingSwift-Beta */ = {
			isa = XCSwiftPackageProductDependency;
			package = D4092E012BA4255600C42840 /* XCRemoteSwiftPackageReference "firebase-ios-sdk" */;
			productName = "FirebaseInAppMessagingSwift-Beta";
		};
		D4092E282BA4255600C42840 /* FirebaseInstallations */ = {
			isa = XCSwiftPackageProductDependency;
			package = D4092E012BA4255600C42840 /* XCRemoteSwiftPackageReference "firebase-ios-sdk" */;
			productName = FirebaseInstallations;
		};
		D4092E2A2BA4255600C42840 /* FirebaseMLModelDownloader */ = {
			isa = XCSwiftPackageProductDependency;
			package = D4092E012BA4255600C42840 /* XCRemoteSwiftPackageReference "firebase-ios-sdk" */;
			productName = FirebaseMLModelDownloader;
		};
		D4092E2C2BA4255600C42840 /* FirebaseMessaging */ = {
			isa = XCSwiftPackageProductDependency;
			package = D4092E012BA4255600C42840 /* XCRemoteSwiftPackageReference "firebase-ios-sdk" */;
			productName = FirebaseMessaging;
		};
		D4092E2E2BA4255600C42840 /* FirebasePerformance */ = {
			isa = XCSwiftPackageProductDependency;
			package = D4092E012BA4255600C42840 /* XCRemoteSwiftPackageReference "firebase-ios-sdk" */;
			productName = FirebasePerformance;
		};
		D4092E302BA4255600C42840 /* FirebaseRemoteConfig */ = {
			isa = XCSwiftPackageProductDependency;
			package = D4092E012BA4255600C42840 /* XCRemoteSwiftPackageReference "firebase-ios-sdk" */;
			productName = FirebaseRemoteConfig;
		};
		D4092E322BA4255600C42840 /* FirebaseRemoteConfigSwift */ = {
			isa = XCSwiftPackageProductDependency;
			package = D4092E012BA4255600C42840 /* XCRemoteSwiftPackageReference "firebase-ios-sdk" */;
			productName = FirebaseRemoteConfigSwift;
		};
		D4092E342BA4255600C42840 /* FirebaseStorage */ = {
			isa = XCSwiftPackageProductDependency;
			package = D4092E012BA4255600C42840 /* XCRemoteSwiftPackageReference "firebase-ios-sdk" */;
			productName = FirebaseStorage;
		};
		D4092E362BA4255600C42840 /* FirebaseStorageCombine-Community */ = {
			isa = XCSwiftPackageProductDependency;
			package = D4092E012BA4255600C42840 /* XCRemoteSwiftPackageReference "firebase-ios-sdk" */;
			productName = "FirebaseStorageCombine-Community";
		};
		D44358AA2C23974400533F09 /* CropViewController */ = {
			isa = XCSwiftPackageProductDependency;
			package = D44358A92C23974400533F09 /* XCRemoteSwiftPackageReference "TOCropViewController" */;
			productName = CropViewController;
		};
		D44358AC2C23974400533F09 /* TOCropViewController */ = {
			isa = XCSwiftPackageProductDependency;
			package = D44358A92C23974400533F09 /* XCRemoteSwiftPackageReference "TOCropViewController" */;
			productName = TOCropViewController;
		};
/* End XCSwiftPackageProductDependency section */
	};
	rootObject = D4E4FAB02B99C19600F5C202 /* Project object */;
}
